
Microsoft Visual Studio Solution File, Format Version 12.00
# Visual Studio Version 17
VisualStudioVersion = 17.6.33829.357
MinimumVisualStudioVersion = 10.0.40219.1
Project("{9A19103F-16F7-4668-BE54-9A1E7A4F7556}") = "MessagePackTest", "messagepacktest\MessagePackTest.csproj", "{F7ECBEBA-6FB1-4CEE-9D3E-433F53E2DAB8}"
EndProject
Project("{9A19103F-16F7-4668-BE54-9A1E7A4F7556}") = "MessagePackTest.Model", "messagepacktest.model\MessagePackTest.Model.csproj", "{08DD7B4F-5F15-4C8B-BD87-4DD11E9C06E4}"
EndProject
Project("{9A19103F-16F7-4668-BE54-9A1E7A4F7556}") = "MessagePackTest.MessagePack", "MessagePackTest.MessagePack\MessagePackTest.MessagePack.csproj", "{EFF279A8-FFE4-4A88-8DEF-FF89DAC324AD}"
EndProject
Project("{9A19103F-16F7-4668-BE54-9A1E7A4F7556}") = "MessagePackTest.MessagePack.Tests", "MessagePackTest.MessagePack.Tests\MessagePackTest.MessagePack.Tests.csproj", "{4E7E4433-0E65-47B3-89C8-21FE60E5344B}"
EndProject
Project("{9A19103F-16F7-4668-BE54-9A1E7A4F7556}") = "MessagePackTest.Server", "MessagePackTest.Server\MessagePackTest.Server.csproj", "{B4F8600D-0B4C-4ACA-8A80-6D82A97D4C26}"
EndProject
Global
	GlobalSection(SolutionConfigurationPlatforms) = preSolution
		Debug|Any CPU = Debug|Any CPU
		Release|Any CPU = Release|Any CPU
	EndGlobalSection
	GlobalSection(ProjectConfigurationPlatforms) = postSolution
		{F7ECBEBA-6FB1-4CEE-9D3E-433F53E2DAB8}.Debug|Any CPU.ActiveCfg = Debug|Any CPU
		{F7ECBEBA-6FB1-4CEE-9D3E-433F53E2DAB8}.Debug|Any CPU.Build.0 = Debug|Any CPU
		{F7ECBEBA-6FB1-4CEE-9D3E-433F53E2DAB8}.Release|Any CPU.ActiveCfg = Release|Any CPU
		{F7ECBEBA-6FB1-4CEE-9D3E-433F53E2DAB8}.Release|Any CPU.Build.0 = Release|Any CPU
		{08DD7B4F-5F15-4C8B-BD87-4DD11E9C06E4}.Debug|Any CPU.ActiveCfg = Debug|Any CPU
		{08DD7B4F-5F15-4C8B-BD87-4DD11E9C06E4}.Debug|Any CPU.Build.0 = Debug|Any CPU
		{08DD7B4F-5F15-4C8B-BD87-4DD11E9C06E4}.Release|Any CPU.ActiveCfg = Release|Any CPU
		{08DD7B4F-5F15-4C8B-BD87-4DD11E9C06E4}.Release|Any CPU.Build.0 = Release|Any CPU
		{EFF279A8-FFE4-4A88-8DEF-FF89DAC324AD}.Debug|Any CPU.ActiveCfg = Debug|Any CPU
		{EFF279A8-FFE4-4A88-8DEF-FF89DAC324AD}.Debug|Any CPU.Build.0 = Debug|Any CPU
		{EFF279A8-FFE4-4A88-8DEF-FF89DAC324AD}.Release|Any CPU.ActiveCfg = Release|Any CPU
		{EFF279A8-FFE4-4A88-8DEF-FF89DAC324AD}.Release|Any CPU.Build.0 = Release|Any CPU
		{4E7E4433-0E65-47B3-89C8-21FE60E5344B}.Debug|Any CPU.ActiveCfg = Debug|Any CPU
		{4E7E4433-0E65-47B3-89C8-21FE60E5344B}.Debug|Any CPU.Build.0 = Debug|Any CPU
		{4E7E4433-0E65-47B3-89C8-21FE60E5344B}.Release|Any CPU.ActiveCfg = Release|Any CPU
		{4E7E4433-0E65-47B3-89C8-21FE60E5344B}.Release|Any CPU.Build.0 = Release|Any CPU
		{B4F8600D-0B4C-4ACA-8A80-6D82A97D4C26}.Debug|Any CPU.ActiveCfg = Debug|Any CPU
		{B4F8600D-0B4C-4ACA-8A80-6D82A97D4C26}.Debug|Any CPU.Build.0 = Debug|Any CPU
		{B4F8600D-0B4C-4ACA-8A80-6D82A97D4C26}.Release|Any CPU.ActiveCfg = Release|Any CPU
		{B4F8600D-0B4C-4ACA-8A80-6D82A97D4C26}.Release|Any CPU.Build.0 = Release|Any CPU
	EndGlobalSection
	GlobalSection(SolutionProperties) = preSolution
		HideSolutionNode = FALSE
	EndGlobalSection
	GlobalSection(ExtensibilityGlobals) = postSolution
		SolutionGuid = {13C24001-9096-4235-9331-6028CF734A1F}
	EndGlobalSection
EndGlobal
